// !$*UTF8*$!
{
	archiveVersion = 1;
	classes = {
	};
	objectVersion = 48;
	objects = {

/* Begin PBXBuildFile section */
		9D0EC19F1FB041D1003BEA0B /* AppDelegate.swift in Sources */ = {isa = PBXBuildFile; fileRef = 9D0EC19E1FB041D1003BEA0B /* AppDelegate.swift */; };
		9D0EC1A11FB041D1003BEA0B /* ViewController.swift in Sources */ = {isa = PBXBuildFile; fileRef = 9D0EC1A01FB041D1003BEA0B /* ViewController.swift */; };
		9D0EC1A41FB041D1003BEA0B /* Main.storyboard in Resources */ = {isa = PBXBuildFile; fileRef = 9D0EC1A21FB041D1003BEA0B /* Main.storyboard */; };
		9D0EC1A61FB041D1003BEA0B /* Assets.xcassets in Resources */ = {isa = PBXBuildFile; fileRef = 9D0EC1A51FB041D1003BEA0B /* Assets.xcassets */; };
		9D0EC1A91FB041D1003BEA0B /* LaunchScreen.storyboard in Resources */ = {isa = PBXBuildFile; fileRef = 9D0EC1A71FB041D1003BEA0B /* LaunchScreen.storyboard */; };
		9D0EC1B11FB044D3003BEA0B /* ViewModels.swift in Sources */ = {isa = PBXBuildFile; fileRef = 9D0EC1B01FB044D3003BEA0B /* ViewModels.swift */; };
		9D0EC1B31FB0456A003BEA0B /* HeaderView.xib in Resources */ = {isa = PBXBuildFile; fileRef = 9D0EC1B21FB0456A003BEA0B /* HeaderView.xib */; };
		9D0EC1B51FB04730003BEA0B /* HeaderView.swift in Sources */ = {isa = PBXBuildFile; fileRef = 9D0EC1B41FB04730003BEA0B /* HeaderView.swift */; };
		9D0EC1B71FB054D5003BEA0B /* ManufactureTableViewCell.swift in Sources */ = {isa = PBXBuildFile; fileRef = 9D0EC1B61FB054D5003BEA0B /* ManufactureTableViewCell.swift */; };
		9D0EC1BA1FB05F90003BEA0B /* ContentTableViewCell.xib in Resources */ = {isa = PBXBuildFile; fileRef = 9D0EC1B91FB05F90003BEA0B /* ContentTableViewCell.xib */; };
		9D0EC1BC1FB060FD003BEA0B /* ContentTableViewCell.swift in Sources */ = {isa = PBXBuildFile; fileRef = 9D0EC1BB1FB060FD003BEA0B /* ContentTableViewCell.swift */; };
/* End PBXBuildFile section */

/* Begin PBXFileReference section */
		9D0EC19B1FB041D1003BEA0B /* PracticeExpandableTableView.app */ = {isa = PBXFileReference; explicitFileType = wrapper.application; includeInIndex = 0; path = PracticeExpandableTableView.app; sourceTree = BUILT_PRODUCTS_DIR; };
		9D0EC19E1FB041D1003BEA0B /* AppDelegate.swift */ = {isa = PBXFileReference; lastKnownFileType = sourcecode.swift; path = AppDelegate.swift; sourceTree = "<group>"; };
		9D0EC1A01FB041D1003BEA0B /* ViewController.swift */ = {isa = PBXFileReference; lastKnownFileType = sourcecode.swift; path = ViewController.swift; sourceTree = "<group>"; };
		9D0EC1A31FB041D1003BEA0B /* Base */ = {isa = PBXFileReference; lastKnownFileType = file.storyboard; name = Base; path = Base.lproj/Main.storyboard; sourceTree = "<group>"; };
		9D0EC1A51FB041D1003BEA0B /* Assets.xcassets */ = {isa = PBXFileReference; lastKnownFileType = folder.assetcatalog; path = Assets.xcassets; sourceTree = "<group>"; };
		9D0EC1A81FB041D1003BEA0B /* Base */ = {isa = PBXFileReference; lastKnownFileType = file.storyboard; name = Base; path = Base.lproj/LaunchScreen.storyboard; sourceTree = "<group>"; };
		9D0EC1AA1FB041D1003BEA0B /* Info.plist */ = {isa = PBXFileReference; lastKnownFileType = text.plist.xml; path = Info.plist; sourceTree = "<group>"; };
		9D0EC1B01FB044D3003BEA0B /* ViewModels.swift */ = {isa = PBXFileReference; lastKnownFileType = sourcecode.swift; path = ViewModels.swift; sourceTree = "<group>"; };
		9D0EC1B21FB0456A003BEA0B /* HeaderView.xib */ = {isa = PBXFileReference; lastKnownFileType = file.xib; path = HeaderView.xib; sourceTree = "<group>"; };
		9D0EC1B41FB04730003BEA0B /* HeaderView.swift */ = {isa = PBXFileReference; lastKnownFileType = sourcecode.swift; path = HeaderView.swift; sourceTree = "<group>"; };
		9D0EC1B61FB054D5003BEA0B /* ManufactureTableViewCell.swift */ = {isa = PBXFileReference; lastKnownFileType = sourcecode.swift; path = ManufactureTableViewCell.swift; sourceTree = "<group>"; };
		9D0EC1B91FB05F90003BEA0B /* ContentTableViewCell.xib */ = {isa = PBXFileReference; lastKnownFileType = file.xib; path = ContentTableViewCell.xib; sourceTree = "<group>"; };
		9D0EC1BB1FB060FD003BEA0B /* ContentTableViewCell.swift */ = {isa = PBXFileReference; lastKnownFileType = sourcecode.swift; path = ContentTableViewCell.swift; sourceTree = "<group>"; };
/* End PBXFileReference section */

/* Begin PBXFrameworksBuildPhase section */
		9D0EC1981FB041D1003BEA0B /* Frameworks */ = {
			isa = PBXFrameworksBuildPhase;
			buildActionMask = 2147483647;
			files = (
			);
			runOnlyForDeploymentPostprocessing = 0;
		};
/* End PBXFrameworksBuildPhase section */

/* Begin PBXGroup section */
		9D0EC1921FB041D1003BEA0B = {
			isa = PBXGroup;
			children = (
				9D0EC19D1FB041D1003BEA0B /* PracticeExpandableTableView */,
				9D0EC19C1FB041D1003BEA0B /* Products */,
			);
			sourceTree = "<group>";
		};
		9D0EC19C1FB041D1003BEA0B /* Products */ = {
			isa = PBXGroup;
			children = (
				9D0EC19B1FB041D1003BEA0B /* PracticeExpandableTableView.app */,
			);
			name = Products;
			sourceTree = "<group>";
		};
		9D0EC19D1FB041D1003BEA0B /* PracticeExpandableTableView */ = {
			isa = PBXGroup;
			children = (
				9D0EC1B81FB05F6C003BEA0B /* ViewCells */,
				9D0EC19E1FB041D1003BEA0B /* AppDelegate.swift */,
				9D0EC1A01FB041D1003BEA0B /* ViewController.swift */,
				9D0EC1A21FB041D1003BEA0B /* Main.storyboard */,
				9D0EC1A51FB041D1003BEA0B /* Assets.xcassets */,
				9D0EC1A71FB041D1003BEA0B /* LaunchScreen.storyboard */,
				9D0EC1AA1FB041D1003BEA0B /* Info.plist */,
				9D0EC1B01FB044D3003BEA0B /* ViewModels.swift */,
				9D0EC1B61FB054D5003BEA0B /* ManufactureTableViewCell.swift */,
			);
			path = PracticeExpandableTableView;
			sourceTree = "<group>";
		};
		9D0EC1B81FB05F6C003BEA0B /* ViewCells */ = {
			isa = PBXGroup;
			children = (
				9D0EC1B21FB0456A003BEA0B /* HeaderView.xib */,
				9D0EC1B41FB04730003BEA0B /* HeaderView.swift */,
				9D0EC1B91FB05F90003BEA0B /* ContentTableViewCell.xib */,
				9D0EC1BB1FB060FD003BEA0B /* ContentTableViewCell.swift */,
			);
			path = ViewCells;
			sourceTree = "<group>";
		};
/* End PBXGroup section */

/* Begin PBXNativeTarget section */
		9D0EC19A1FB041D1003BEA0B /* PracticeExpandableTableView */ = {
			isa = PBXNativeTarget;
			buildConfigurationList = 9D0EC1AD1FB041D1003BEA0B /* Build configuration list for PBXNativeTarget "PracticeExpandableTableView" */;
			buildPhases = (
				9D0EC1971FB041D1003BEA0B /* Sources */,
				9D0EC1981FB041D1003BEA0B /* Frameworks */,
				9D0EC1991FB041D1003BEA0B /* Resources */,
			);
			buildRules = (
			);
			dependencies = (
			);
			name = PracticeExpandableTableView;
			productName = PracticeExpandableTableView;
			productReference = 9D0EC19B1FB041D1003BEA0B /* PracticeExpandableTableView.app */;
			productType = "com.apple.product-type.application";
		};
/* End PBXNativeTarget section */

/* Begin PBXProject section */
		9D0EC1931FB041D1003BEA0B /* Project object */ = {
			isa = PBXProject;
			attributes = {
				LastSwiftUpdateCheck = 0910;
				LastUpgradeCheck = 0910;
				ORGANIZATIONNAME = "Sang Le";
				TargetAttributes = {
					9D0EC19A1FB041D1003BEA0B = {
						CreatedOnToolsVersion = 9.1;
						ProvisioningStyle = Automatic;
					};
				};
			};
			buildConfigurationList = 9D0EC1961FB041D1003BEA0B /* Build configuration list for PBXProject "PracticeExpandableTableView" */;
			compatibilityVersion = "Xcode 8.0";
			developmentRegion = en;
			hasScannedForEncodings = 0;
			knownRegions = (
				en,
				Base,
			);
			mainGroup = 9D0EC1921FB041D1003BEA0B;
			productRefGroup = 9D0EC19C1FB041D1003BEA0B /* Products */;
			projectDirPath = "";
			projectRoot = "";
			targets = (
				9D0EC19A1FB041D1003BEA0B /* PracticeExpandableTableView */,
			);
		};
/* End PBXProject section */

/* Begin PBXResourcesBuildPhase section */
		9D0EC1991FB041D1003BEA0B /* Resources */ = {
			isa = PBXResourcesBuildPhase;
			buildActionMask = 2147483647;
			files = (
				9D0EC1A91FB041D1003BEA0B /* LaunchScreen.storyboard in Resources */,
				9D0EC1A61FB041D1003BEA0B /* Assets.xcassets in Resources */,
				9D0EC1A41FB041D1003BEA0B /* Main.storyboard in Resources */,
				9D0EC1B31FB0456A003BEA0B /* HeaderView.xib in Resources */,
				9D0EC1BA1FB05F90003BEA0B /* ContentTableViewCell.xib in Resources */,
			);
			runOnlyForDeploymentPostprocessing = 0;
		};
/* End PBXResourcesBuildPhase section */

/* Begin PBXSourcesBuildPhase section */
		9D0EC1971FB041D1003BEA0B /* Sources */ = {
			isa = PBXSourcesBuildPhase;
			buildActionMask = 2147483647;
			files = (
				9D0EC1B11FB044D3003BEA0B /* ViewModels.swift in Sources */,
				9D0EC1B71FB054D5003BEA0B /* ManufactureTableViewCell.swift in Sources */,
				9D0EC1A11FB041D1003BEA0B /* ViewController.swift in Sources */,
				9D0EC19F1FB041D1003BEA0B /* AppDelegate.swift in Sources */,
				9D0EC1B51FB04730003BEA0B /* HeaderView.swift in Sources */,
				9D0EC1BC1FB060FD003BEA0B /* ContentTableViewCell.swift in Sources */,
			);
			runOnlyForDeploymentPostprocessing = 0;
		};
/* End PBXSourcesBuildPhase section */

/* Begin PBXVariantGroup section */
		9D0EC1A21FB041D1003BEA0B /* Main.storyboard */ = {
			isa = PBXVariantGroup;
			children = (
				9D0EC1A31FB041D1003BEA0B /* Base */,
			);
			name = Main.storyboard;
			sourceTree = "<group>";
		};
		9D0EC1A71FB041D1003BEA0B /* LaunchScreen.storyboard */ = {
			isa = PBXVariantGroup;
			children = (
				9D0EC1A81FB041D1003BEA0B /* Base */,
			);
			name = LaunchScreen.storyboard;
			sourceTree = "<group>";
		};
/* End PBXVariantGroup section */

/* Begin XCBuildConfiguration section */
		9D0EC1AB1FB041D1003BEA0B /* Debug */ = {
			isa = XCBuildConfiguration;
			buildSettings = {
				ALWAYS_SEARCH_USER_PATHS = NO;
				CLANG_ANALYZER_NONNULL = YES;
				CLANG_ANALYZER_NUMBER_OBJECT_CONVERSION = YES_AGGRESSIVE;
				CLANG_CXX_LANGUAGE_STANDARD = "gnu++14";
				CLANG_CXX_LIBRARY = "libc++";
				CLANG_ENABLE_MODULES = YES;
				CLANG_ENABLE_OBJC_ARC = YES;
				CLANG_WARN_BLOCK_CAPTURE_AUTORELEASING = YES;
				CLANG_WARN_BOOL_CONVERSION = YES;
				CLANG_WARN_COMMA = YES;
				CLANG_WARN_CONSTANT_CONVERSION = YES;
				CLANG_WARN_DIRECT_OBJC_ISA_USAGE = YES_ERROR;
				CLANG_WARN_DOCUMENTATION_COMMENTS = YES;
				CLANG_WARN_EMPTY_BODY = YES;
				CLANG_WARN_ENUM_CONVERSION = YES;
				CLANG_WARN_INFINITE_RECURSION = YES;
				CLANG_WARN_INT_CONVERSION = YES;
				CLANG_WARN_NON_LITERAL_NULL_CONVERSION = YES;
				CLANG_WARN_OBJC_LITERAL_CONVERSION = YES;
				CLANG_WARN_OBJC_ROOT_CLASS = YES_ERROR;
				CLANG_WARN_RANGE_LOOP_ANALYSIS = YES;
				CLANG_WARN_STRICT_PROTOTYPES = YES;
				CLANG_WARN_SUSPICIOUS_MOVE = YES;
				CLANG_WARN_UNGUARDED_AVAILABILITY = YES_AGGRESSIVE;
				CLANG_WARN_UNREACHABLE_CODE = YES;
				CLANG_WARN__DUPLICATE_METHOD_MATCH = YES;
				CODE_SIGN_IDENTITY = "iPhone Developer";
				COPY_PHASE_STRIP = NO;
				DEBUG_INFORMATION_FORMAT = dwarf;
				ENABLE_STRICT_OBJC_MSGSEND = YES;
				ENABLE_TESTABILITY = YES;
				GCC_C_LANGUAGE_STANDARD = gnu11;
				GCC_DYNAMIC_NO_PIC = NO;
				GCC_NO_COMMON_BLOCKS = YES;
				GCC_OPTIMIZATION_LEVEL = 0;
				GCC_PREPROCESSOR_DEFINITIONS = (
					"DEBUG=1",
					"$(inherited)",
				);
				GCC_WARN_64_TO_32_BIT_CONVERSION = YES;
				GCC_WARN_ABOUT_RETURN_TYPE = YES_ERROR;
				GCC_WARN_UNDECLARED_SELECTOR = YES;
				GCC_WARN_UNINITIALIZED_AUTOS = YES_AGGRESSIVE;
				GCC_WARN_UNUSED_FUNCTION = YES;
				GCC_WARN_UNUSED_VARIABLE = YES;
				IPHONEOS_DEPLOYMENT_TARGET = 11.1;
				MTL_ENABLE_DEBUG_INFO = YES;
				ONLY_ACTIVE_ARCH = YES;
				SDKROOT = iphoneos;
				SWIFT_ACTIVE_COMPILATION_CONDITIONS = DEBUG;
				SWIFT_OPTIMIZATION_LEVEL = "-Onone";
			};
			name = Debug;
		};
		9D0EC1AC1FB041D1003BEA0B /* Release */ = {
			isa = XCBuildConfiguration;
			buildSettings = {
				ALWAYS_SEARCH_USER_PATHS = NO;
				CLANG_ANALYZER_NONNULL = YES;
				CLANG_ANALYZER_NUMBER_OBJECT_CONVERSION = YES_AGGRESSIVE;
				CLANG_CXX_LANGUAGE_STANDARD = "gnu++14";
				CLANG_CXX_LIBRARY = "libc++";
				CLANG_ENABLE_MODULES = YES;
				CLANG_ENABLE_OBJC_ARC = YES;
				CLANG_WARN_BLOCK_CAPTURE_AUTORELEASING = YES;
				CLANG_WARN_BOOL_CONVERSION = YES;
				CLANG_WARN_COMMA = YES;
				CLANG_WARN_CONSTANT_CONVERSION = YES;
				CLANG_WARN_DIRECT_OBJC_ISA_USAGE = YES_ERROR;
				CLANG_WARN_DOCUMENTATION_COMMENTS = YES;
				CLANG_WARN_EMPTY_BODY = YES;
				CLANG_WARN_ENUM_CONVERSION = YES;
				CLANG_WARN_INFINITE_RECURSION = YES;
				CLANG_WARN_INT_CONVERSION = YES;
				CLANG_WARN_NON_LITERAL_NULL_CONVERSION = YES;
				CLANG_WARN_OBJC_LITERAL_CONVERSION = YES;
				CLANG_WARN_OBJC_ROOT_CLASS = YES_ERROR;
				CLANG_WARN_RANGE_LOOP_ANALYSIS = YES;
				CLANG_WARN_STRICT_PROTOTYPES = YES;
				CLANG_WARN_SUSPICIOUS_MOVE = YES;
				CLANG_WARN_UNGUARDED_AVAILABILITY = YES_AGGRESSIVE;
				CLANG_WARN_UNREACHABLE_CODE = YES;
				CLANG_WARN__DUPLICATE_METHOD_MATCH = YES;
				CODE_SIGN_IDENTITY = "iPhone Developer";
				COPY_PHASE_STRIP = NO;
				DEBUG_INFORMATION_FORMAT = "dwarf-with-dsym";
				ENABLE_NS_ASSERTIONS = NO;
				ENABLE_STRICT_OBJC_MSGSEND = YES;
				GCC_C_LANGUAGE_STANDARD = gnu11;
				GCC_NO_COMMON_BLOCKS = YES;
				GCC_WARN_64_TO_32_BIT_CONVERSION = YES;
				GCC_WARN_ABOUT_RETURN_TYPE = YES_ERROR;
				GCC_WARN_UNDECLARED_SELECTOR = YES;
				GCC_WARN_UNINITIALIZED_AUTOS = YES_AGGRESSIVE;
				GCC_WARN_UNUSED_FUNCTION = YES;
				GCC_WARN_UNUSED_VARIABLE = YES;
				IPHONEOS_DEPLOYMENT_TARGET = 11.1;
				MTL_ENABLE_DEBUG_INFO = NO;
				SDKROOT = iphoneos;
				SWIFT_OPTIMIZATION_LEVEL = "-Owholemodule";
				VALIDATE_PRODUCT = YES;
			};
			name = Release;
		};
		9D0EC1AE1FB041D1003BEA0B /* Debug */ = {
			isa = XCBuildConfiguration;
			buildSettings = {
				ASSETCATALOG_COMPILER_APPICON_NAME = AppIcon;
				CODE_SIGN_STYLE = Automatic;
				INFOPLIST_FILE = PracticeExpandableTableView/Info.plist;
				LD_RUNPATH_SEARCH_PATHS = "$(inherited) @executable_path/Frameworks";
				PRODUCT_BUNDLE_IDENTIFIER = sangle.2359.PracticeExpandableTableView;
				PRODUCT_NAME = "$(TARGET_NAME)";
				SWIFT_VERSION = 4.0;
				TARGETED_DEVICE_FAMILY = "1,2";
			};
			name = Debug;
		};
		9D0EC1AF1FB041D1003BEA0B /* Release */ = {
			isa = XCBuildConfiguration;
			buildSettings = {
				ASSETCATALOG_COMPILER_APPICON_NAME = AppIcon;
				CODE_SIGN_STYLE = Automatic;
				INFOPLIST_FILE = PracticeExpandableTableView/Info.plist;
				LD_RUNPATH_SEARCH_PATHS = "$(inherited) @executable_path/Frameworks";
				PRODUCT_BUNDLE_IDENTIFIER = sangle.2359.PracticeExpandableTableView;
				PRODUCT_NAME = "$(TARGET_NAME)";
				SWIFT_VERSION = 4.0;
				TARGETED_DEVICE_FAMILY = "1,2";
			};
			name = Release;
		};
/* End XCBuildConfiguration section */

/* Begin XCConfigurationList section */
		9D0EC1961FB041D1003BEA0B /* Build configuration list for PBXProject "PracticeExpandableTableView" */ = {
			isa = XCConfigurationList;
			buildConfigurations = (
				9D0EC1AB1FB041D1003BEA0B /* Debug */,
				9D0EC1AC1FB041D1003BEA0B /* Release */,
			);
			defaultConfigurationIsVisible = 0;
			defaultConfigurationName = Release;
		};
		9D0EC1AD1FB041D1003BEA0B /* Build configuration list for PBXNativeTarget "PracticeExpandableTableView" */ = {
			isa = XCConfigurationList;
			buildConfigurations = (
				9D0EC1AE1FB041D1003BEA0B /* Debug */,
				9D0EC1AF1FB041D1003BEA0B /* Release */,
			);
			defaultConfigurationIsVisible = 0;
			defaultConfigurationName = Release;
		};
/* End XCConfigurationList section */
	};
	rootObject = 9D0EC1931FB041D1003BEA0B /* Project object */;
}
